
Microsoft Visual Studio Solution File, Format Version 12.00
# Visual Studio Version 16
VisualStudioVersion = 16.0.30517.126
MinimumVisualStudioVersion = 10.0.40219.1
Project("{FAE04EC0-301F-11D3-BF4B-00C04F79EFBC}") = "LR_2", "LR_2\LR_2.csproj", "{99783717-6C7C-4DAE-A954-27A70749D212}"
EndProject
Global
	GlobalSection(SolutionConfigurationPlatforms) = preSolution
		Debug|Any CPU = Debug|Any CPU
		Release|Any CPU = Release|Any CPU
	EndGlobalSection
	GlobalSection(ProjectConfigurationPlatforms) = postSolution
		{99783717-6C7C-4DAE-A954-27A70749D212}.Debug|Any CPU.ActiveCfg = Debug|Any CPU
		{99783717-6C7C-4DAE-A954-27A70749D212}.Debug|Any CPU.Build.0 = Debug|Any CPU
		{99783717-6C7C-4DAE-A954-27A70749D212}.Release|Any CPU.ActiveCfg = Release|Any CPU
		{99783717-6C7C-4DAE-A954-27A70749D212}.Release|Any CPU.Build.0 = Release|Any CPU
	EndGlobalSection
	GlobalSection(SolutionProperties) = preSolution
		HideSolutionNode = FALSE
	EndGlobalSection
	GlobalSection(ExtensibilityGlobals) = postSolution
		SolutionGuid = {EE0954CB-E023-4481-8F81-98691457C66E}
	EndGlobalSection
EndGlobal
